
Microsoft Visual Studio Solution File, Format Version 12.00
# Visual Studio Version 17
VisualStudioVersion = 17.10.35027.167
MinimumVisualStudioVersion = 10.0.40219.1
Project("{FAE04EC0-301F-11D3-BF4B-00C04F79EFBC}") = "CineVerServidor", "CineVerServidor\CineVerServidor.csproj", "{8D69FE73-43E3-4782-B195-DD1D1D2E4C2C}"
EndProject
Project("{FAE04EC0-301F-11D3-BF4B-00C04F79EFBC}") = "CineVerEntidades", "CineVerEntidades\CineVerEntidades.csproj", "{FC5379AB-0857-4A60-8DBF-1979AF174D1A}"
EndProject
Project("{FAE04EC0-301F-11D3-BF4B-00C04F79EFBC}") = "CineVerServicios", "CineVerServicios\CineVerServicios.csproj", "{17A0277F-7605-469A-B30F-7A9D4A0AB260}"
EndProject
Project("{FAE04EC0-301F-11D3-BF4B-00C04F79EFBC}") = "Pruebas", "Pruebas\Pruebas.csproj", "{3FF26463-8E90-469A-861D-2163CB04AD68}"
EndProject
Project("{FAE04EC0-301F-11D3-BF4B-00C04F79EFBC}") = "Utilidades", "Utilidades\Utilidades.csproj", "{C7B59D8E-746A-4DEF-B3C4-DD92D6C4E982}"
EndProject
Global
	GlobalSection(SolutionConfigurationPlatforms) = preSolution
		Debug|Any CPU = Debug|Any CPU
		Release|Any CPU = Release|Any CPU
	EndGlobalSection
	GlobalSection(ProjectConfigurationPlatforms) = postSolution
		{8D69FE73-43E3-4782-B195-DD1D1D2E4C2C}.Debug|Any CPU.ActiveCfg = Debug|Any CPU
		{8D69FE73-43E3-4782-B195-DD1D1D2E4C2C}.Debug|Any CPU.Build.0 = Debug|Any CPU
		{8D69FE73-43E3-4782-B195-DD1D1D2E4C2C}.Release|Any CPU.ActiveCfg = Release|Any CPU
		{8D69FE73-43E3-4782-B195-DD1D1D2E4C2C}.Release|Any CPU.Build.0 = Release|Any CPU
		{FC5379AB-0857-4A60-8DBF-1979AF174D1A}.Debug|Any CPU.ActiveCfg = Debug|Any CPU
		{FC5379AB-0857-4A60-8DBF-1979AF174D1A}.Debug|Any CPU.Build.0 = Debug|Any CPU
		{FC5379AB-0857-4A60-8DBF-1979AF174D1A}.Release|Any CPU.ActiveCfg = Release|Any CPU
		{FC5379AB-0857-4A60-8DBF-1979AF174D1A}.Release|Any CPU.Build.0 = Release|Any CPU
		{17A0277F-7605-469A-B30F-7A9D4A0AB260}.Debug|Any CPU.ActiveCfg = Debug|Any CPU
		{17A0277F-7605-469A-B30F-7A9D4A0AB260}.Debug|Any CPU.Build.0 = Debug|Any CPU
		{17A0277F-7605-469A-B30F-7A9D4A0AB260}.Release|Any CPU.ActiveCfg = Release|Any CPU
		{17A0277F-7605-469A-B30F-7A9D4A0AB260}.Release|Any CPU.Build.0 = Release|Any CPU
		{3FF26463-8E90-469A-861D-2163CB04AD68}.Debug|Any CPU.ActiveCfg = Debug|Any CPU
		{3FF26463-8E90-469A-861D-2163CB04AD68}.Debug|Any CPU.Build.0 = Debug|Any CPU
		{3FF26463-8E90-469A-861D-2163CB04AD68}.Release|Any CPU.ActiveCfg = Release|Any CPU
		{3FF26463-8E90-469A-861D-2163CB04AD68}.Release|Any CPU.Build.0 = Release|Any CPU
		{C7B59D8E-746A-4DEF-B3C4-DD92D6C4E982}.Debug|Any CPU.ActiveCfg = Debug|Any CPU
		{C7B59D8E-746A-4DEF-B3C4-DD92D6C4E982}.Debug|Any CPU.Build.0 = Debug|Any CPU
		{C7B59D8E-746A-4DEF-B3C4-DD92D6C4E982}.Release|Any CPU.ActiveCfg = Release|Any CPU
		{C7B59D8E-746A-4DEF-B3C4-DD92D6C4E982}.Release|Any CPU.Build.0 = Release|Any CPU
	EndGlobalSection
	GlobalSection(SolutionProperties) = preSolution
		HideSolutionNode = FALSE
	EndGlobalSection
	GlobalSection(ExtensibilityGlobals) = postSolution
		SolutionGuid = {77770B06-C5F9-4E78-B4F8-891CF729E455}
	EndGlobalSection
EndGlobal
